# Generated by pub
# See https://dart.dev/tools/pub/glossary#lockfile
packages:
  collection:
    dependency: transitive
    description:
      name: collection
      sha256: a1ace0a119f20aabc852d165077c036cd864315bd99b7eaa10a60100341941bf
      url: "https://pub.dev"
    source: hosted
    version: "1.19.0"
  emoji_extension:
    dependency: "direct main"
    description:
      path: ".."
      relative: true
    source: path
    version: "1.2.0"
sdks:
  dart: ">=3.4.0 <4.0.0"
